
Microsoft Visual Studio Solution File, Format Version 10.00
# Visual Studio 2008
Project("{FAE04EC0-301F-11D3-BF4B-00C04F79EFBC}") = "Cirrus.Client", "src\client\Cirrus.Client.csproj", "{67F63710-B4CB-4507-90C9-0987310A32A8}"
EndProject
Project("{2150E333-8FDC-42A3-9474-1A3956D46DE8}") = "Samples", "Samples", "{23388C4E-A625-420A-92ED-1EDFB5782AAF}"
EndProject
Project("{FAE04EC0-301F-11D3-BF4B-00C04F79EFBC}") = "ClockAnimation", "samples\ClockAnimation\ClockAnimation.csproj", "{53C98BB1-2921-43ED-9117-FF33D52F66E0}"
EndProject
Project("{FAE04EC0-301F-11D3-BF4B-00C04F79EFBC}") = "AgentTest", "samples\AgentTest\AgentTest.csproj", "{A4AE2BCB-47DD-4D2C-B487-0477E413CB5F}"
EndProject
Project("{FAE04EC0-301F-11D3-BF4B-00C04F79EFBC}") = "WebTest", "samples\WebTest\WebTest.csproj", "{D10E7402-4569-4C62-B396-6E1587CAA63A}"
EndProject
Project("{2150E333-8FDC-42A3-9474-1A3956D46DE8}") = "Tools", "Tools", "{3A712498-7633-4AE8-931F-07AAA2D4799C}"
EndProject
Project("{FAE04EC0-301F-11D3-BF4B-00C04F79EFBC}") = "cilc", "src\tools\cilc\cilc.csproj", "{386DD367-3A18-449A-9022-6C0A3375932F}"
EndProject
Project("{2150E333-8FDC-42A3-9474-1A3956D46DE8}") = "Bootstrap", "Bootstrap", "{51804CCF-9B50-4472-B932-FFDEC7302AB0}"
EndProject
Project("{FAE04EC0-301F-11D3-BF4B-00C04F79EFBC}") = "Bootstrap.Open.Gtk", "src\platform\Open\Gtk\Bootstrap.Open.Gtk.csproj", "{C62066F7-DBE4-49F7-9CBF-FEAD864BC2C6}"
EndProject
Project("{FAE04EC0-301F-11D3-BF4B-00C04F79EFBC}") = "Bootstrap.Mac.Carbon", "src\platform\Mac\Carbon\Bootstrap.Mac.Carbon.csproj", "{3AC81199-16F8-4275-A9D5-04AE059194E6}"
EndProject
Project("{FAE04EC0-301F-11D3-BF4B-00C04F79EFBC}") = "Bootstrap.Windows.Forms", "src\platform\Windows\WinForms\Bootstrap.Windows.Forms.csproj", "{8758C46F-363F-4768-9FFC-FDD88395C0BB}"
EndProject
Project("{2150E333-8FDC-42A3-9474-1A3956D46DE8}") = "JavaScript", "JavaScript", "{AABA7754-8FE9-4C40-84ED-FE1AA6ED6A5B}"
EndProject
Project("{9344bdbb-3e7f-41fc-a0dd-8665d75ee146}") = "default.api", "src\platform\JavaScript\API\default.api.mdproj", "{3FE047AB-94C8-4FB1-BB0D-1C9FD35E6E60}"
EndProject
Project("{FAE04EC0-301F-11D3-BF4B-00C04F79EFBC}") = "Test", "src\test\Test.csproj", "{92B0EDEF-0088-4D7A-A5F6-8AAE3A522310}"
EndProject
Project("{FAE04EC0-301F-11D3-BF4B-00C04F79EFBC}") = "Cirrus.Core", "src\core\Cirrus.Core.csproj", "{763602D7-0A29-4724-A0AA-D59783C5A6B1}"
EndProject
Global
	GlobalSection(SolutionConfigurationPlatforms) = preSolution
		Debug|Any CPU = Debug|Any CPU
		Debug|Win32 = Debug|Win32
		Default|Any CPU = Default|Any CPU
		Default|Win32 = Default|Win32
		Release|Any CPU = Release|Any CPU
		Release|Win32 = Release|Win32
	EndGlobalSection
	GlobalSection(ProjectConfigurationPlatforms) = postSolution
		{386DD367-3A18-449A-9022-6C0A3375932F}.Debug|Any CPU.ActiveCfg = Debug|Any CPU
		{386DD367-3A18-449A-9022-6C0A3375932F}.Debug|Any CPU.Build.0 = Debug|Any CPU
		{386DD367-3A18-449A-9022-6C0A3375932F}.Debug|Win32.ActiveCfg = Debug|Any CPU
		{386DD367-3A18-449A-9022-6C0A3375932F}.Default|Any CPU.ActiveCfg = Debug|Any CPU
		{386DD367-3A18-449A-9022-6C0A3375932F}.Default|Win32.ActiveCfg = Debug|Any CPU
		{386DD367-3A18-449A-9022-6C0A3375932F}.Release|Any CPU.ActiveCfg = Release|Any CPU
		{386DD367-3A18-449A-9022-6C0A3375932F}.Release|Any CPU.Build.0 = Release|Any CPU
		{386DD367-3A18-449A-9022-6C0A3375932F}.Release|Win32.ActiveCfg = Release|Any CPU
		{3AC81199-16F8-4275-A9D5-04AE059194E6}.Debug|Any CPU.ActiveCfg = Debug|Any CPU
		{3AC81199-16F8-4275-A9D5-04AE059194E6}.Debug|Any CPU.Build.0 = Debug|Any CPU
		{3AC81199-16F8-4275-A9D5-04AE059194E6}.Debug|Win32.ActiveCfg = Debug|Any CPU
		{3AC81199-16F8-4275-A9D5-04AE059194E6}.Default|Any CPU.ActiveCfg = Debug|Any CPU
		{3AC81199-16F8-4275-A9D5-04AE059194E6}.Default|Win32.ActiveCfg = Debug|Any CPU
		{3AC81199-16F8-4275-A9D5-04AE059194E6}.Release|Any CPU.ActiveCfg = Release|Any CPU
		{3AC81199-16F8-4275-A9D5-04AE059194E6}.Release|Any CPU.Build.0 = Release|Any CPU
		{3AC81199-16F8-4275-A9D5-04AE059194E6}.Release|Win32.ActiveCfg = Release|Any CPU
		{3FE047AB-94C8-4FB1-BB0D-1C9FD35E6E60}.Debug|Any CPU.ActiveCfg = Default|Any CPU
		{3FE047AB-94C8-4FB1-BB0D-1C9FD35E6E60}.Debug|Any CPU.Build.0 = Default|Any CPU
		{3FE047AB-94C8-4FB1-BB0D-1C9FD35E6E60}.Debug|Win32.ActiveCfg = Default|Any CPU
		{3FE047AB-94C8-4FB1-BB0D-1C9FD35E6E60}.Default|Any CPU.ActiveCfg = Default|Any CPU
		{3FE047AB-94C8-4FB1-BB0D-1C9FD35E6E60}.Default|Any CPU.Build.0 = Default|Any CPU
		{3FE047AB-94C8-4FB1-BB0D-1C9FD35E6E60}.Default|Win32.ActiveCfg = Default|Any CPU
		{3FE047AB-94C8-4FB1-BB0D-1C9FD35E6E60}.Release|Any CPU.ActiveCfg = Default|Any CPU
		{3FE047AB-94C8-4FB1-BB0D-1C9FD35E6E60}.Release|Any CPU.Build.0 = Default|Any CPU
		{3FE047AB-94C8-4FB1-BB0D-1C9FD35E6E60}.Release|Win32.ActiveCfg = Default|Any CPU
		{53C98BB1-2921-43ED-9117-FF33D52F66E0}.Debug|Any CPU.ActiveCfg = Debug|Any CPU
		{53C98BB1-2921-43ED-9117-FF33D52F66E0}.Debug|Any CPU.Build.0 = Debug|Any CPU
		{53C98BB1-2921-43ED-9117-FF33D52F66E0}.Debug|Win32.ActiveCfg = Debug|Any CPU
		{53C98BB1-2921-43ED-9117-FF33D52F66E0}.Default|Any CPU.ActiveCfg = Debug|Any CPU
		{53C98BB1-2921-43ED-9117-FF33D52F66E0}.Default|Win32.ActiveCfg = Debug|Any CPU
		{53C98BB1-2921-43ED-9117-FF33D52F66E0}.Release|Any CPU.ActiveCfg = Release|Any CPU
		{53C98BB1-2921-43ED-9117-FF33D52F66E0}.Release|Any CPU.Build.0 = Release|Any CPU
		{53C98BB1-2921-43ED-9117-FF33D52F66E0}.Release|Win32.ActiveCfg = Release|Any CPU
		{67F63710-B4CB-4507-90C9-0987310A32A8}.Debug|Any CPU.ActiveCfg = Debug|Any CPU
		{67F63710-B4CB-4507-90C9-0987310A32A8}.Debug|Any CPU.Build.0 = Debug|Any CPU
		{67F63710-B4CB-4507-90C9-0987310A32A8}.Debug|Win32.ActiveCfg = Debug|Any CPU
		{67F63710-B4CB-4507-90C9-0987310A32A8}.Default|Any CPU.ActiveCfg = Debug|Any CPU
		{67F63710-B4CB-4507-90C9-0987310A32A8}.Default|Win32.ActiveCfg = Debug|Any CPU
		{67F63710-B4CB-4507-90C9-0987310A32A8}.Release|Any CPU.ActiveCfg = Release|Any CPU
		{67F63710-B4CB-4507-90C9-0987310A32A8}.Release|Any CPU.Build.0 = Release|Any CPU
		{67F63710-B4CB-4507-90C9-0987310A32A8}.Release|Win32.ActiveCfg = Release|Any CPU
		{763602D7-0A29-4724-A0AA-D59783C5A6B1}.Debug|Any CPU.ActiveCfg = Debug|Any CPU
		{763602D7-0A29-4724-A0AA-D59783C5A6B1}.Debug|Any CPU.Build.0 = Debug|Any CPU
		{763602D7-0A29-4724-A0AA-D59783C5A6B1}.Debug|Win32.ActiveCfg = Debug|Any CPU
		{763602D7-0A29-4724-A0AA-D59783C5A6B1}.Default|Any CPU.ActiveCfg = Debug|Any CPU
		{763602D7-0A29-4724-A0AA-D59783C5A6B1}.Default|Any CPU.Build.0 = Debug|Any CPU
		{763602D7-0A29-4724-A0AA-D59783C5A6B1}.Default|Win32.ActiveCfg = Debug|Any CPU
		{763602D7-0A29-4724-A0AA-D59783C5A6B1}.Release|Any CPU.ActiveCfg = Release|Any CPU
		{763602D7-0A29-4724-A0AA-D59783C5A6B1}.Release|Any CPU.Build.0 = Release|Any CPU
		{763602D7-0A29-4724-A0AA-D59783C5A6B1}.Release|Win32.ActiveCfg = Release|Any CPU
		{8758C46F-363F-4768-9FFC-FDD88395C0BB}.Debug|Any CPU.ActiveCfg = Debug|Any CPU
		{8758C46F-363F-4768-9FFC-FDD88395C0BB}.Debug|Any CPU.Build.0 = Debug|Any CPU
		{8758C46F-363F-4768-9FFC-FDD88395C0BB}.Debug|Win32.ActiveCfg = Debug|Any CPU
		{8758C46F-363F-4768-9FFC-FDD88395C0BB}.Debug|Win32.Build.0 = Debug|Any CPU
		{8758C46F-363F-4768-9FFC-FDD88395C0BB}.Default|Any CPU.ActiveCfg = Debug|Any CPU
		{8758C46F-363F-4768-9FFC-FDD88395C0BB}.Default|Any CPU.Build.0 = Debug|Any CPU
		{8758C46F-363F-4768-9FFC-FDD88395C0BB}.Default|Win32.ActiveCfg = Debug|Any CPU
		{8758C46F-363F-4768-9FFC-FDD88395C0BB}.Default|Win32.Build.0 = Debug|Any CPU
		{8758C46F-363F-4768-9FFC-FDD88395C0BB}.Release|Any CPU.ActiveCfg = Release|Any CPU
		{8758C46F-363F-4768-9FFC-FDD88395C0BB}.Release|Any CPU.Build.0 = Release|Any CPU
		{8758C46F-363F-4768-9FFC-FDD88395C0BB}.Release|Win32.ActiveCfg = Release|Any CPU
		{8758C46F-363F-4768-9FFC-FDD88395C0BB}.Release|Win32.Build.0 = Release|Any CPU
		{92B0EDEF-0088-4D7A-A5F6-8AAE3A522310}.Debug|Any CPU.ActiveCfg = Debug|Any CPU
		{92B0EDEF-0088-4D7A-A5F6-8AAE3A522310}.Debug|Any CPU.Build.0 = Debug|Any CPU
		{92B0EDEF-0088-4D7A-A5F6-8AAE3A522310}.Debug|Win32.ActiveCfg = Debug|Any CPU
		{92B0EDEF-0088-4D7A-A5F6-8AAE3A522310}.Default|Any CPU.ActiveCfg = Debug|Any CPU
		{92B0EDEF-0088-4D7A-A5F6-8AAE3A522310}.Default|Any CPU.Build.0 = Debug|Any CPU
		{92B0EDEF-0088-4D7A-A5F6-8AAE3A522310}.Default|Win32.ActiveCfg = Debug|Any CPU
		{92B0EDEF-0088-4D7A-A5F6-8AAE3A522310}.Release|Any CPU.ActiveCfg = Release|Any CPU
		{92B0EDEF-0088-4D7A-A5F6-8AAE3A522310}.Release|Any CPU.Build.0 = Release|Any CPU
		{92B0EDEF-0088-4D7A-A5F6-8AAE3A522310}.Release|Win32.ActiveCfg = Release|Any CPU
		{A4AE2BCB-47DD-4D2C-B487-0477E413CB5F}.Debug|Any CPU.ActiveCfg = Debug|Any CPU
		{A4AE2BCB-47DD-4D2C-B487-0477E413CB5F}.Debug|Any CPU.Build.0 = Debug|Any CPU
		{A4AE2BCB-47DD-4D2C-B487-0477E413CB5F}.Debug|Win32.ActiveCfg = Debug|Any CPU
		{A4AE2BCB-47DD-4D2C-B487-0477E413CB5F}.Default|Any CPU.ActiveCfg = Debug|Any CPU
		{A4AE2BCB-47DD-4D2C-B487-0477E413CB5F}.Default|Win32.ActiveCfg = Debug|Any CPU
		{A4AE2BCB-47DD-4D2C-B487-0477E413CB5F}.Release|Any CPU.ActiveCfg = Release|Any CPU
		{A4AE2BCB-47DD-4D2C-B487-0477E413CB5F}.Release|Any CPU.Build.0 = Release|Any CPU
		{A4AE2BCB-47DD-4D2C-B487-0477E413CB5F}.Release|Win32.ActiveCfg = Release|Any CPU
		{C62066F7-DBE4-49F7-9CBF-FEAD864BC2C6}.Debug|Any CPU.ActiveCfg = Debug|Any CPU
		{C62066F7-DBE4-49F7-9CBF-FEAD864BC2C6}.Debug|Any CPU.Build.0 = Debug|Any CPU
		{C62066F7-DBE4-49F7-9CBF-FEAD864BC2C6}.Debug|Win32.ActiveCfg = Debug|Any CPU
		{C62066F7-DBE4-49F7-9CBF-FEAD864BC2C6}.Default|Any CPU.ActiveCfg = Debug|Any CPU
		{C62066F7-DBE4-49F7-9CBF-FEAD864BC2C6}.Default|Win32.ActiveCfg = Debug|Any CPU
		{C62066F7-DBE4-49F7-9CBF-FEAD864BC2C6}.Release|Any CPU.ActiveCfg = Release|Any CPU
		{C62066F7-DBE4-49F7-9CBF-FEAD864BC2C6}.Release|Any CPU.Build.0 = Release|Any CPU
		{C62066F7-DBE4-49F7-9CBF-FEAD864BC2C6}.Release|Win32.ActiveCfg = Release|Any CPU
		{D10E7402-4569-4C62-B396-6E1587CAA63A}.Debug|Any CPU.ActiveCfg = Debug|Any CPU
		{D10E7402-4569-4C62-B396-6E1587CAA63A}.Debug|Any CPU.Build.0 = Debug|Any CPU
		{D10E7402-4569-4C62-B396-6E1587CAA63A}.Debug|Win32.ActiveCfg = Debug|Any CPU
		{D10E7402-4569-4C62-B396-6E1587CAA63A}.Default|Any CPU.ActiveCfg = Debug|Any CPU
		{D10E7402-4569-4C62-B396-6E1587CAA63A}.Default|Any CPU.Build.0 = Debug|Any CPU
		{D10E7402-4569-4C62-B396-6E1587CAA63A}.Default|Win32.ActiveCfg = Debug|Any CPU
		{D10E7402-4569-4C62-B396-6E1587CAA63A}.Release|Any CPU.ActiveCfg = Release|Any CPU
		{D10E7402-4569-4C62-B396-6E1587CAA63A}.Release|Any CPU.Build.0 = Release|Any CPU
		{D10E7402-4569-4C62-B396-6E1587CAA63A}.Release|Win32.ActiveCfg = Release|Any CPU
	EndGlobalSection
	GlobalSection(NestedProjects) = preSolution
		{53C98BB1-2921-43ED-9117-FF33D52F66E0} = {23388C4E-A625-420A-92ED-1EDFB5782AAF}
		{A4AE2BCB-47DD-4D2C-B487-0477E413CB5F} = {23388C4E-A625-420A-92ED-1EDFB5782AAF}
		{D10E7402-4569-4C62-B396-6E1587CAA63A} = {23388C4E-A625-420A-92ED-1EDFB5782AAF}
		{386DD367-3A18-449A-9022-6C0A3375932F} = {3A712498-7633-4AE8-931F-07AAA2D4799C}
		{C62066F7-DBE4-49F7-9CBF-FEAD864BC2C6} = {51804CCF-9B50-4472-B932-FFDEC7302AB0}
		{3AC81199-16F8-4275-A9D5-04AE059194E6} = {51804CCF-9B50-4472-B932-FFDEC7302AB0}
		{8758C46F-363F-4768-9FFC-FDD88395C0BB} = {51804CCF-9B50-4472-B932-FFDEC7302AB0}
		{3FE047AB-94C8-4FB1-BB0D-1C9FD35E6E60} = {AABA7754-8FE9-4C40-84ED-FE1AA6ED6A5B}
	EndGlobalSection
	GlobalSection(MonoDevelopProperties) = preSolution
		StartupItem = src\tools\cilc\cilc.csproj
	EndGlobalSection
	GlobalSection(SolutionProperties) = preSolution
		HideSolutionNode = FALSE
	EndGlobalSection
EndGlobal
