
Microsoft Visual Studio Solution File, Format Version 10.00
# Visual Studio 2008
Project("{FAE04EC0-301F-11D3-BF4B-00C04F79EFBC}") = "cilc", "tools\cilc\cilc.csproj", "{386DD367-3A18-449A-9022-6C0A3375932F}"
EndProject
Project("{FAE04EC0-301F-11D3-BF4B-00C04F79EFBC}") = "Cirrus_Fibers", "class\Cirrus_Fibers.csproj", "{67F63710-B4CB-4507-90C9-0987310A32A8}"
EndProject
Global
	GlobalSection(SolutionConfigurationPlatforms) = preSolution
		Debug|Any CPU = Debug|Any CPU
		Release|Any CPU = Release|Any CPU
	EndGlobalSection
	GlobalSection(ProjectConfigurationPlatforms) = postSolution
		{386DD367-3A18-449A-9022-6C0A3375932F}.Debug|Any CPU.ActiveCfg = Debug|Any CPU
		{386DD367-3A18-449A-9022-6C0A3375932F}.Debug|Any CPU.Build.0 = Debug|Any CPU
		{386DD367-3A18-449A-9022-6C0A3375932F}.Release|Any CPU.ActiveCfg = Release|Any CPU
		{386DD367-3A18-449A-9022-6C0A3375932F}.Release|Any CPU.Build.0 = Release|Any CPU
		{67F63710-B4CB-4507-90C9-0987310A32A8}.Debug|Any CPU.ActiveCfg = Debug|Any CPU
		{67F63710-B4CB-4507-90C9-0987310A32A8}.Debug|Any CPU.Build.0 = Debug|Any CPU
		{67F63710-B4CB-4507-90C9-0987310A32A8}.Release|Any CPU.ActiveCfg = Release|Any CPU
		{67F63710-B4CB-4507-90C9-0987310A32A8}.Release|Any CPU.Build.0 = Release|Any CPU
	EndGlobalSection
	GlobalSection(MonoDevelopProperties) = preSolution
		StartupItem = tools\cilc\cilc.csproj
	EndGlobalSection
EndGlobal
